
Microsoft Visual Studio Solution File, Format Version 12.00
# Visual Studio 14
VisualStudioVersion = 14.0.25420.1
MinimumVisualStudioVersion = 10.0.40219.1
Project("{A52DC906-6E5F-CA2E-E6B2-017DB9BBC45C}") = "CWE197_Numeric_Truncation_Error_s05", "CWE197_Numeric_Truncation_Error_s05.csproj", "{BBC26F74-494E-4CA2-8DBF-D41CED13A61E}"
EndProject
Project("{A52DC906-6E5F-CA2E-E6B2-017DB9BBC45C}") = "TestCaseSupport", "..\..\..\TestCaseSupport\TestCaseSupport\TestCaseSupport.csproj", "{4CDBAE35-8CD1-4A0F-8912-B79D0BB43B83}"
EndProject
Global
	GlobalSection(SolutionConfigurationPlatforms) = preSolution
		Debug|Any CPU = Debug|Any CPU
		Release|Any CPU = Release|Any CPU
	EndGlobalSection
	GlobalSection(ProjectConfigurationPlatforms) = postSolution
		{BBC26F74-494E-4CA2-8DBF-D41CED13A61E}.Debug|Any CPU.ActiveCfg = Debug|Any CPU
		{BBC26F74-494E-4CA2-8DBF-D41CED13A61E}.Debug|Any CPU.Build.0 = Debug|Any CPU
		{BBC26F74-494E-4CA2-8DBF-D41CED13A61E}.Release|Any CPU.ActiveCfg = Release|Any CPU
		{BBC26F74-494E-4CA2-8DBF-D41CED13A61E}.Release|Any CPU.Build.0 = Release|Any CPU
		{4CDBAE35-8CD1-4A0F-8912-B79D0BB43B83}.Debug|Any CPU.ActiveCfg = Debug|Any CPU
		{4CDBAE35-8CD1-4A0F-8912-B79D0BB43B83}.Debug|Any CPU.Build.0 = Debug|Any CPU
		{4CDBAE35-8CD1-4A0F-8912-B79D0BB43B83}.Release|Any CPU.ActiveCfg = Release|Any CPU
		{4CDBAE35-8CD1-4A0F-8912-B79D0BB43B83}.Release|Any CPU.Build.0 = Release|Any CPU
	EndGlobalSection
	GlobalSection(SolutionProperties) = preSolution
		HideSolutionNode = FALSE
	EndGlobalSection
EndGlobal
