
Microsoft Visual Studio Solution File, Format Version 12.00
# Visual Studio 14
VisualStudioVersion = 14.0.25420.1
MinimumVisualStudioVersion = 10.0.40219.1
Project("{588A566E-2737-63CE-803D-1EEAC29A1886}") = "CWE400_Uncontrolled_Resource_Consumption_s03", "CWE400_Uncontrolled_Resource_Consumption_s03.csproj", "{ED4D96BC-A28D-8456-E2B1-C865968C25AF}"
EndProject
Project("{588A566E-2737-63CE-803D-1EEAC29A1886}") = "TestCaseSupport", "..\..\..\TestCaseSupport\TestCaseSupport\TestCaseSupport.csproj", "{4CDBAE35-8CD1-4A0F-8912-B79D0BB43B83}"
EndProject
Global
	GlobalSection(SolutionConfigurationPlatforms) = preSolution
		Debug|Any CPU = Debug|Any CPU
		Release|Any CPU = Release|Any CPU
	EndGlobalSection
	GlobalSection(ProjectConfigurationPlatforms) = postSolution
		{ED4D96BC-A28D-8456-E2B1-C865968C25AF}.Debug|Any CPU.ActiveCfg = Debug|Any CPU
		{ED4D96BC-A28D-8456-E2B1-C865968C25AF}.Debug|Any CPU.Build.0 = Debug|Any CPU
		{ED4D96BC-A28D-8456-E2B1-C865968C25AF}.Release|Any CPU.ActiveCfg = Release|Any CPU
		{ED4D96BC-A28D-8456-E2B1-C865968C25AF}.Release|Any CPU.Build.0 = Release|Any CPU
		{4CDBAE35-8CD1-4A0F-8912-B79D0BB43B83}.Debug|Any CPU.ActiveCfg = Debug|Any CPU
		{4CDBAE35-8CD1-4A0F-8912-B79D0BB43B83}.Debug|Any CPU.Build.0 = Debug|Any CPU
		{4CDBAE35-8CD1-4A0F-8912-B79D0BB43B83}.Release|Any CPU.ActiveCfg = Release|Any CPU
		{4CDBAE35-8CD1-4A0F-8912-B79D0BB43B83}.Release|Any CPU.Build.0 = Release|Any CPU
	EndGlobalSection
	GlobalSection(SolutionProperties) = preSolution
		HideSolutionNode = FALSE
	EndGlobalSection
EndGlobal
