
Microsoft Visual Studio Solution File, Format Version 12.00
# Visual Studio 14
VisualStudioVersion = 14.0.25420.1
MinimumVisualStudioVersion = 10.0.40219.1
Project("{16FB85BF-12AD-1643-6894-5CCA7496A47E}") = "CWE193_Off_by_One_Error", "CWE193_Off_by_One_Error.csproj", "{89B91F64-6935-C372-D59B-0B45F0336C46}"
EndProject
Project("{16FB85BF-12AD-1643-6894-5CCA7496A47E}") = "TestCaseSupport", "..\..\TestCaseSupport\TestCaseSupport\TestCaseSupport.csproj", "{4CDBAE35-8CD1-4A0F-8912-B79D0BB43B83}"
EndProject
Global
	GlobalSection(SolutionConfigurationPlatforms) = preSolution
		Debug|Any CPU = Debug|Any CPU
		Release|Any CPU = Release|Any CPU
	EndGlobalSection
	GlobalSection(ProjectConfigurationPlatforms) = postSolution
		{89B91F64-6935-C372-D59B-0B45F0336C46}.Debug|Any CPU.ActiveCfg = Debug|Any CPU
		{89B91F64-6935-C372-D59B-0B45F0336C46}.Debug|Any CPU.Build.0 = Debug|Any CPU
		{89B91F64-6935-C372-D59B-0B45F0336C46}.Release|Any CPU.ActiveCfg = Release|Any CPU
		{89B91F64-6935-C372-D59B-0B45F0336C46}.Release|Any CPU.Build.0 = Release|Any CPU
		{4CDBAE35-8CD1-4A0F-8912-B79D0BB43B83}.Debug|Any CPU.ActiveCfg = Debug|Any CPU
		{4CDBAE35-8CD1-4A0F-8912-B79D0BB43B83}.Debug|Any CPU.Build.0 = Debug|Any CPU
		{4CDBAE35-8CD1-4A0F-8912-B79D0BB43B83}.Release|Any CPU.ActiveCfg = Release|Any CPU
		{4CDBAE35-8CD1-4A0F-8912-B79D0BB43B83}.Release|Any CPU.Build.0 = Release|Any CPU
	EndGlobalSection
	GlobalSection(SolutionProperties) = preSolution
		HideSolutionNode = FALSE
	EndGlobalSection
EndGlobal
