
Microsoft Visual Studio Solution File, Format Version 12.00
# Visual Studio 14
VisualStudioVersion = 14.0.25420.1
MinimumVisualStudioVersion = 10.0.40219.1
Project("{FEAAB8E3-CF45-8112-67D8-55962A50A9AD}") = "CWE760_Predictable_Salt_One_Way_Hash", "CWE760_Predictable_Salt_One_Way_Hash.csproj", "{79111E74-E429-FAB6-0891-3ED10C26EE38}"
EndProject
Project("{FEAAB8E3-CF45-8112-67D8-55962A50A9AD}") = "TestCaseSupport", "..\..\TestCaseSupport\TestCaseSupport\TestCaseSupport.csproj", "{4CDBAE35-8CD1-4A0F-8912-B79D0BB43B83}"
EndProject
Global
	GlobalSection(SolutionConfigurationPlatforms) = preSolution
		Debug|Any CPU = Debug|Any CPU
		Release|Any CPU = Release|Any CPU
	EndGlobalSection
	GlobalSection(ProjectConfigurationPlatforms) = postSolution
		{79111E74-E429-FAB6-0891-3ED10C26EE38}.Debug|Any CPU.ActiveCfg = Debug|Any CPU
		{79111E74-E429-FAB6-0891-3ED10C26EE38}.Debug|Any CPU.Build.0 = Debug|Any CPU
		{79111E74-E429-FAB6-0891-3ED10C26EE38}.Release|Any CPU.ActiveCfg = Release|Any CPU
		{79111E74-E429-FAB6-0891-3ED10C26EE38}.Release|Any CPU.Build.0 = Release|Any CPU
		{4CDBAE35-8CD1-4A0F-8912-B79D0BB43B83}.Debug|Any CPU.ActiveCfg = Debug|Any CPU
		{4CDBAE35-8CD1-4A0F-8912-B79D0BB43B83}.Debug|Any CPU.Build.0 = Debug|Any CPU
		{4CDBAE35-8CD1-4A0F-8912-B79D0BB43B83}.Release|Any CPU.ActiveCfg = Release|Any CPU
		{4CDBAE35-8CD1-4A0F-8912-B79D0BB43B83}.Release|Any CPU.Build.0 = Release|Any CPU
	EndGlobalSection
	GlobalSection(SolutionProperties) = preSolution
		HideSolutionNode = FALSE
	EndGlobalSection
EndGlobal
