
Microsoft Visual Studio Solution File, Format Version 12.00
# Visual Studio 14
VisualStudioVersion = 14.0.25420.1
MinimumVisualStudioVersion = 10.0.40219.1
Project("{D45F792E-0573-53D9-5A59-66EB7BE49D7D}") = "CWE129_Improper_Validation_of_Array_Index_s02", "CWE129_Improper_Validation_of_Array_Index_s02.csproj", "{AE717F55-A480-0D30-EBE9-15739FEFFAA9}"
EndProject
Project("{D45F792E-0573-53D9-5A59-66EB7BE49D7D}") = "TestCaseSupport", "..\..\..\TestCaseSupport\TestCaseSupport\TestCaseSupport.csproj", "{4CDBAE35-8CD1-4A0F-8912-B79D0BB43B83}"
EndProject
Global
	GlobalSection(SolutionConfigurationPlatforms) = preSolution
		Debug|Any CPU = Debug|Any CPU
		Release|Any CPU = Release|Any CPU
	EndGlobalSection
	GlobalSection(ProjectConfigurationPlatforms) = postSolution
		{AE717F55-A480-0D30-EBE9-15739FEFFAA9}.Debug|Any CPU.ActiveCfg = Debug|Any CPU
		{AE717F55-A480-0D30-EBE9-15739FEFFAA9}.Debug|Any CPU.Build.0 = Debug|Any CPU
		{AE717F55-A480-0D30-EBE9-15739FEFFAA9}.Release|Any CPU.ActiveCfg = Release|Any CPU
		{AE717F55-A480-0D30-EBE9-15739FEFFAA9}.Release|Any CPU.Build.0 = Release|Any CPU
		{4CDBAE35-8CD1-4A0F-8912-B79D0BB43B83}.Debug|Any CPU.ActiveCfg = Debug|Any CPU
		{4CDBAE35-8CD1-4A0F-8912-B79D0BB43B83}.Debug|Any CPU.Build.0 = Debug|Any CPU
		{4CDBAE35-8CD1-4A0F-8912-B79D0BB43B83}.Release|Any CPU.ActiveCfg = Release|Any CPU
		{4CDBAE35-8CD1-4A0F-8912-B79D0BB43B83}.Release|Any CPU.Build.0 = Release|Any CPU
	EndGlobalSection
	GlobalSection(SolutionProperties) = preSolution
		HideSolutionNode = FALSE
	EndGlobalSection
EndGlobal
