
Microsoft Visual Studio Solution File, Format Version 12.00
# Visual Studio 14
VisualStudioVersion = 14.0.25420.1
MinimumVisualStudioVersion = 10.0.40219.1
Project("{44EFFDCC-0465-F6C6-B065-305703245EF5}") = "CWE400_Uncontrolled_Resource_Consumption_s02", "CWE400_Uncontrolled_Resource_Consumption_s02.csproj", "{ECFB0F5A-39A7-6ADD-F87C-9E2C42E20FD3}"
EndProject
Project("{44EFFDCC-0465-F6C6-B065-305703245EF5}") = "TestCaseSupport", "..\..\..\TestCaseSupport\TestCaseSupport\TestCaseSupport.csproj", "{4CDBAE35-8CD1-4A0F-8912-B79D0BB43B83}"
EndProject
Global
	GlobalSection(SolutionConfigurationPlatforms) = preSolution
		Debug|Any CPU = Debug|Any CPU
		Release|Any CPU = Release|Any CPU
	EndGlobalSection
	GlobalSection(ProjectConfigurationPlatforms) = postSolution
		{ECFB0F5A-39A7-6ADD-F87C-9E2C42E20FD3}.Debug|Any CPU.ActiveCfg = Debug|Any CPU
		{ECFB0F5A-39A7-6ADD-F87C-9E2C42E20FD3}.Debug|Any CPU.Build.0 = Debug|Any CPU
		{ECFB0F5A-39A7-6ADD-F87C-9E2C42E20FD3}.Release|Any CPU.ActiveCfg = Release|Any CPU
		{ECFB0F5A-39A7-6ADD-F87C-9E2C42E20FD3}.Release|Any CPU.Build.0 = Release|Any CPU
		{4CDBAE35-8CD1-4A0F-8912-B79D0BB43B83}.Debug|Any CPU.ActiveCfg = Debug|Any CPU
		{4CDBAE35-8CD1-4A0F-8912-B79D0BB43B83}.Debug|Any CPU.Build.0 = Debug|Any CPU
		{4CDBAE35-8CD1-4A0F-8912-B79D0BB43B83}.Release|Any CPU.ActiveCfg = Release|Any CPU
		{4CDBAE35-8CD1-4A0F-8912-B79D0BB43B83}.Release|Any CPU.Build.0 = Release|Any CPU
	EndGlobalSection
	GlobalSection(SolutionProperties) = preSolution
		HideSolutionNode = FALSE
	EndGlobalSection
EndGlobal
