
Microsoft Visual Studio Solution File, Format Version 12.00
# Visual Studio 14
VisualStudioVersion = 14.0.25420.1
MinimumVisualStudioVersion = 10.0.40219.1
Project("{556EF87A-8B4B-A6E2-0BEE-46D2E3A48E67}") = "CWE89_SQL_Injection_s02", "CWE89_SQL_Injection_s02.csproj", "{CEF94E4B-67CC-0653-CCD5-74E68F506F5A}"
EndProject
Project("{556EF87A-8B4B-A6E2-0BEE-46D2E3A48E67}") = "TestCaseSupport", "..\..\..\TestCaseSupport\TestCaseSupport\TestCaseSupport.csproj", "{4CDBAE35-8CD1-4A0F-8912-B79D0BB43B83}"
EndProject
Global
	GlobalSection(SolutionConfigurationPlatforms) = preSolution
		Debug|Any CPU = Debug|Any CPU
		Release|Any CPU = Release|Any CPU
	EndGlobalSection
	GlobalSection(ProjectConfigurationPlatforms) = postSolution
		{CEF94E4B-67CC-0653-CCD5-74E68F506F5A}.Debug|Any CPU.ActiveCfg = Debug|Any CPU
		{CEF94E4B-67CC-0653-CCD5-74E68F506F5A}.Debug|Any CPU.Build.0 = Debug|Any CPU
		{CEF94E4B-67CC-0653-CCD5-74E68F506F5A}.Release|Any CPU.ActiveCfg = Release|Any CPU
		{CEF94E4B-67CC-0653-CCD5-74E68F506F5A}.Release|Any CPU.Build.0 = Release|Any CPU
		{4CDBAE35-8CD1-4A0F-8912-B79D0BB43B83}.Debug|Any CPU.ActiveCfg = Debug|Any CPU
		{4CDBAE35-8CD1-4A0F-8912-B79D0BB43B83}.Debug|Any CPU.Build.0 = Debug|Any CPU
		{4CDBAE35-8CD1-4A0F-8912-B79D0BB43B83}.Release|Any CPU.ActiveCfg = Release|Any CPU
		{4CDBAE35-8CD1-4A0F-8912-B79D0BB43B83}.Release|Any CPU.Build.0 = Release|Any CPU
	EndGlobalSection
	GlobalSection(SolutionProperties) = preSolution
		HideSolutionNode = FALSE
	EndGlobalSection
EndGlobal
