
Microsoft Visual Studio Solution File, Format Version 12.00
# Visual Studio 14
VisualStudioVersion = 14.0.25420.1
MinimumVisualStudioVersion = 10.0.40219.1
Project("{1B764BE8-5AFB-4D2B-BB49-A19C43064E9A}") = "CWE613_Insufficient_Session_Expiration", "CWE613_Insufficient_Session_Expiration.csproj", "{9C400155-0DBC-C109-EE4B-BD609664B240}"
EndProject
Project("{1B764BE8-5AFB-4D2B-BB49-A19C43064E9A}") = "TestCaseSupport", "..\..\TestCaseSupport\TestCaseSupport\TestCaseSupport.csproj", "{4CDBAE35-8CD1-4A0F-8912-B79D0BB43B83}"
EndProject
Global
	GlobalSection(SolutionConfigurationPlatforms) = preSolution
		Debug|Any CPU = Debug|Any CPU
		Release|Any CPU = Release|Any CPU
	EndGlobalSection
	GlobalSection(ProjectConfigurationPlatforms) = postSolution
		{9C400155-0DBC-C109-EE4B-BD609664B240}.Debug|Any CPU.ActiveCfg = Debug|Any CPU
		{9C400155-0DBC-C109-EE4B-BD609664B240}.Debug|Any CPU.Build.0 = Debug|Any CPU
		{9C400155-0DBC-C109-EE4B-BD609664B240}.Release|Any CPU.ActiveCfg = Release|Any CPU
		{9C400155-0DBC-C109-EE4B-BD609664B240}.Release|Any CPU.Build.0 = Release|Any CPU
		{4CDBAE35-8CD1-4A0F-8912-B79D0BB43B83}.Debug|Any CPU.ActiveCfg = Debug|Any CPU
		{4CDBAE35-8CD1-4A0F-8912-B79D0BB43B83}.Debug|Any CPU.Build.0 = Debug|Any CPU
		{4CDBAE35-8CD1-4A0F-8912-B79D0BB43B83}.Release|Any CPU.ActiveCfg = Release|Any CPU
		{4CDBAE35-8CD1-4A0F-8912-B79D0BB43B83}.Release|Any CPU.Build.0 = Release|Any CPU
	EndGlobalSection
	GlobalSection(SolutionProperties) = preSolution
		HideSolutionNode = FALSE
	EndGlobalSection
EndGlobal
