
Microsoft Visual Studio Solution File, Format Version 12.00
# Visual Studio 14
VisualStudioVersion = 14.0.25420.1
MinimumVisualStudioVersion = 10.0.40219.1
Project("{A835424A-2208-4760-B1BD-EF4AD98874DA}") = "CWE549_Missing_Password_Masking", "CWE549_Missing_Password_Masking.csproj", "{8F9B9EFF-E745-569F-CD00-1CF30AB8EC82}"
EndProject
Project("{A835424A-2208-4760-B1BD-EF4AD98874DA}") = "TestCaseSupport", "..\..\TestCaseSupport\TestCaseSupport\TestCaseSupport.csproj", "{4CDBAE35-8CD1-4A0F-8912-B79D0BB43B83}"
EndProject
Global
	GlobalSection(SolutionConfigurationPlatforms) = preSolution
		Debug|Any CPU = Debug|Any CPU
		Release|Any CPU = Release|Any CPU
	EndGlobalSection
	GlobalSection(ProjectConfigurationPlatforms) = postSolution
		{8F9B9EFF-E745-569F-CD00-1CF30AB8EC82}.Debug|Any CPU.ActiveCfg = Debug|Any CPU
		{8F9B9EFF-E745-569F-CD00-1CF30AB8EC82}.Debug|Any CPU.Build.0 = Debug|Any CPU
		{8F9B9EFF-E745-569F-CD00-1CF30AB8EC82}.Release|Any CPU.ActiveCfg = Release|Any CPU
		{8F9B9EFF-E745-569F-CD00-1CF30AB8EC82}.Release|Any CPU.Build.0 = Release|Any CPU
		{4CDBAE35-8CD1-4A0F-8912-B79D0BB43B83}.Debug|Any CPU.ActiveCfg = Debug|Any CPU
		{4CDBAE35-8CD1-4A0F-8912-B79D0BB43B83}.Debug|Any CPU.Build.0 = Debug|Any CPU
		{4CDBAE35-8CD1-4A0F-8912-B79D0BB43B83}.Release|Any CPU.ActiveCfg = Release|Any CPU
		{4CDBAE35-8CD1-4A0F-8912-B79D0BB43B83}.Release|Any CPU.Build.0 = Release|Any CPU
	EndGlobalSection
	GlobalSection(SolutionProperties) = preSolution
		HideSolutionNode = FALSE
	EndGlobalSection
EndGlobal
