
Microsoft Visual Studio Solution File, Format Version 12.00
# Visual Studio 14
VisualStudioVersion = 14.0.25420.1
MinimumVisualStudioVersion = 10.0.40219.1
Project("{E155B7DF-1F8F-6E12-3E4C-71A4AE339F8E}") = "CWE546_Suspicious_Comment", "CWE546_Suspicious_Comment.csproj", "{2393C409-0F10-3637-3431-5B826F1B8A2F}"
EndProject
Project("{E155B7DF-1F8F-6E12-3E4C-71A4AE339F8E}") = "TestCaseSupport", "..\..\TestCaseSupport\TestCaseSupport\TestCaseSupport.csproj", "{4CDBAE35-8CD1-4A0F-8912-B79D0BB43B83}"
EndProject
Global
	GlobalSection(SolutionConfigurationPlatforms) = preSolution
		Debug|Any CPU = Debug|Any CPU
		Release|Any CPU = Release|Any CPU
	EndGlobalSection
	GlobalSection(ProjectConfigurationPlatforms) = postSolution
		{2393C409-0F10-3637-3431-5B826F1B8A2F}.Debug|Any CPU.ActiveCfg = Debug|Any CPU
		{2393C409-0F10-3637-3431-5B826F1B8A2F}.Debug|Any CPU.Build.0 = Debug|Any CPU
		{2393C409-0F10-3637-3431-5B826F1B8A2F}.Release|Any CPU.ActiveCfg = Release|Any CPU
		{2393C409-0F10-3637-3431-5B826F1B8A2F}.Release|Any CPU.Build.0 = Release|Any CPU
		{4CDBAE35-8CD1-4A0F-8912-B79D0BB43B83}.Debug|Any CPU.ActiveCfg = Debug|Any CPU
		{4CDBAE35-8CD1-4A0F-8912-B79D0BB43B83}.Debug|Any CPU.Build.0 = Debug|Any CPU
		{4CDBAE35-8CD1-4A0F-8912-B79D0BB43B83}.Release|Any CPU.ActiveCfg = Release|Any CPU
		{4CDBAE35-8CD1-4A0F-8912-B79D0BB43B83}.Release|Any CPU.Build.0 = Release|Any CPU
	EndGlobalSection
	GlobalSection(SolutionProperties) = preSolution
		HideSolutionNode = FALSE
	EndGlobalSection
EndGlobal
