
Microsoft Visual Studio Solution File, Format Version 12.00
# Visual Studio 14
VisualStudioVersion = 14.0.25420.1
MinimumVisualStudioVersion = 10.0.40219.1
Project("{BD8D3845-BAF8-A097-724A-00A70C4F86FB}") = "CWE681_Incorrect_Conversion_Between_Numeric_Types", "CWE681_Incorrect_Conversion_Between_Numeric_Types.csproj", "{8888764B-B65C-EB90-26AD-B5B6048CAEEE}"
EndProject
Project("{BD8D3845-BAF8-A097-724A-00A70C4F86FB}") = "TestCaseSupport", "..\..\TestCaseSupport\TestCaseSupport\TestCaseSupport.csproj", "{4CDBAE35-8CD1-4A0F-8912-B79D0BB43B83}"
EndProject
Global
	GlobalSection(SolutionConfigurationPlatforms) = preSolution
		Debug|Any CPU = Debug|Any CPU
		Release|Any CPU = Release|Any CPU
	EndGlobalSection
	GlobalSection(ProjectConfigurationPlatforms) = postSolution
		{8888764B-B65C-EB90-26AD-B5B6048CAEEE}.Debug|Any CPU.ActiveCfg = Debug|Any CPU
		{8888764B-B65C-EB90-26AD-B5B6048CAEEE}.Debug|Any CPU.Build.0 = Debug|Any CPU
		{8888764B-B65C-EB90-26AD-B5B6048CAEEE}.Release|Any CPU.ActiveCfg = Release|Any CPU
		{8888764B-B65C-EB90-26AD-B5B6048CAEEE}.Release|Any CPU.Build.0 = Release|Any CPU
		{4CDBAE35-8CD1-4A0F-8912-B79D0BB43B83}.Debug|Any CPU.ActiveCfg = Debug|Any CPU
		{4CDBAE35-8CD1-4A0F-8912-B79D0BB43B83}.Debug|Any CPU.Build.0 = Debug|Any CPU
		{4CDBAE35-8CD1-4A0F-8912-B79D0BB43B83}.Release|Any CPU.ActiveCfg = Release|Any CPU
		{4CDBAE35-8CD1-4A0F-8912-B79D0BB43B83}.Release|Any CPU.Build.0 = Release|Any CPU
	EndGlobalSection
	GlobalSection(SolutionProperties) = preSolution
		HideSolutionNode = FALSE
	EndGlobalSection
EndGlobal
