
Microsoft Visual Studio Solution File, Format Version 12.00
# Visual Studio 14
VisualStudioVersion = 14.0.25420.1
MinimumVisualStudioVersion = 10.0.40219.1
Project("{A48E0AD1-657E-F293-DE22-339156447F47}") = "CWE582_Array_Public_Readonly_Static", "CWE582_Array_Public_Readonly_Static.csproj", "{1810870D-5F99-8333-731F-BD7173D14A33}"
EndProject
Project("{A48E0AD1-657E-F293-DE22-339156447F47}") = "TestCaseSupport", "..\..\TestCaseSupport\TestCaseSupport\TestCaseSupport.csproj", "{4CDBAE35-8CD1-4A0F-8912-B79D0BB43B83}"
EndProject
Global
	GlobalSection(SolutionConfigurationPlatforms) = preSolution
		Debug|Any CPU = Debug|Any CPU
		Release|Any CPU = Release|Any CPU
	EndGlobalSection
	GlobalSection(ProjectConfigurationPlatforms) = postSolution
		{1810870D-5F99-8333-731F-BD7173D14A33}.Debug|Any CPU.ActiveCfg = Debug|Any CPU
		{1810870D-5F99-8333-731F-BD7173D14A33}.Debug|Any CPU.Build.0 = Debug|Any CPU
		{1810870D-5F99-8333-731F-BD7173D14A33}.Release|Any CPU.ActiveCfg = Release|Any CPU
		{1810870D-5F99-8333-731F-BD7173D14A33}.Release|Any CPU.Build.0 = Release|Any CPU
		{4CDBAE35-8CD1-4A0F-8912-B79D0BB43B83}.Debug|Any CPU.ActiveCfg = Debug|Any CPU
		{4CDBAE35-8CD1-4A0F-8912-B79D0BB43B83}.Debug|Any CPU.Build.0 = Debug|Any CPU
		{4CDBAE35-8CD1-4A0F-8912-B79D0BB43B83}.Release|Any CPU.ActiveCfg = Release|Any CPU
		{4CDBAE35-8CD1-4A0F-8912-B79D0BB43B83}.Release|Any CPU.Build.0 = Release|Any CPU
	EndGlobalSection
	GlobalSection(SolutionProperties) = preSolution
		HideSolutionNode = FALSE
	EndGlobalSection
EndGlobal
