
Microsoft Visual Studio Solution File, Format Version 12.00
# Visual Studio 14
VisualStudioVersion = 14.0.25420.1
MinimumVisualStudioVersion = 10.0.40219.1
Project("{0F5CCFBE-AB42-C557-3558-E5050DD6FC97}") = "CWE397_Throw_Generic_Exception", "CWE397_Throw_Generic_Exception.csproj", "{F4B9478B-9C6C-1FB5-71CE-75701253781D}"
EndProject
Project("{0F5CCFBE-AB42-C557-3558-E5050DD6FC97}") = "TestCaseSupport", "..\..\TestCaseSupport\TestCaseSupport\TestCaseSupport.csproj", "{4CDBAE35-8CD1-4A0F-8912-B79D0BB43B83}"
EndProject
Global
	GlobalSection(SolutionConfigurationPlatforms) = preSolution
		Debug|Any CPU = Debug|Any CPU
		Release|Any CPU = Release|Any CPU
	EndGlobalSection
	GlobalSection(ProjectConfigurationPlatforms) = postSolution
		{F4B9478B-9C6C-1FB5-71CE-75701253781D}.Debug|Any CPU.ActiveCfg = Debug|Any CPU
		{F4B9478B-9C6C-1FB5-71CE-75701253781D}.Debug|Any CPU.Build.0 = Debug|Any CPU
		{F4B9478B-9C6C-1FB5-71CE-75701253781D}.Release|Any CPU.ActiveCfg = Release|Any CPU
		{F4B9478B-9C6C-1FB5-71CE-75701253781D}.Release|Any CPU.Build.0 = Release|Any CPU
		{4CDBAE35-8CD1-4A0F-8912-B79D0BB43B83}.Debug|Any CPU.ActiveCfg = Debug|Any CPU
		{4CDBAE35-8CD1-4A0F-8912-B79D0BB43B83}.Debug|Any CPU.Build.0 = Debug|Any CPU
		{4CDBAE35-8CD1-4A0F-8912-B79D0BB43B83}.Release|Any CPU.ActiveCfg = Release|Any CPU
		{4CDBAE35-8CD1-4A0F-8912-B79D0BB43B83}.Release|Any CPU.Build.0 = Release|Any CPU
	EndGlobalSection
	GlobalSection(SolutionProperties) = preSolution
		HideSolutionNode = FALSE
	EndGlobalSection
EndGlobal
