
Microsoft Visual Studio Solution File, Format Version 12.00
# Visual Studio 14
VisualStudioVersion = 14.0.25420.1
MinimumVisualStudioVersion = 10.0.40219.1
Project("{3E704919-E00E-B9E3-CEEB-04BD1568A2FC}") = "CWE563_Assign_to_Variable_Without_Use", "CWE563_Assign_to_Variable_Without_Use.csproj", "{6FDC8B78-4BA2-8D3C-5EB5-C510AD6530C5}"
EndProject
Project("{3E704919-E00E-B9E3-CEEB-04BD1568A2FC}") = "TestCaseSupport", "..\..\TestCaseSupport\TestCaseSupport\TestCaseSupport.csproj", "{4CDBAE35-8CD1-4A0F-8912-B79D0BB43B83}"
EndProject
Global
	GlobalSection(SolutionConfigurationPlatforms) = preSolution
		Debug|Any CPU = Debug|Any CPU
		Release|Any CPU = Release|Any CPU
	EndGlobalSection
	GlobalSection(ProjectConfigurationPlatforms) = postSolution
		{6FDC8B78-4BA2-8D3C-5EB5-C510AD6530C5}.Debug|Any CPU.ActiveCfg = Debug|Any CPU
		{6FDC8B78-4BA2-8D3C-5EB5-C510AD6530C5}.Debug|Any CPU.Build.0 = Debug|Any CPU
		{6FDC8B78-4BA2-8D3C-5EB5-C510AD6530C5}.Release|Any CPU.ActiveCfg = Release|Any CPU
		{6FDC8B78-4BA2-8D3C-5EB5-C510AD6530C5}.Release|Any CPU.Build.0 = Release|Any CPU
		{4CDBAE35-8CD1-4A0F-8912-B79D0BB43B83}.Debug|Any CPU.ActiveCfg = Debug|Any CPU
		{4CDBAE35-8CD1-4A0F-8912-B79D0BB43B83}.Debug|Any CPU.Build.0 = Debug|Any CPU
		{4CDBAE35-8CD1-4A0F-8912-B79D0BB43B83}.Release|Any CPU.ActiveCfg = Release|Any CPU
		{4CDBAE35-8CD1-4A0F-8912-B79D0BB43B83}.Release|Any CPU.Build.0 = Release|Any CPU
	EndGlobalSection
	GlobalSection(SolutionProperties) = preSolution
		HideSolutionNode = FALSE
	EndGlobalSection
EndGlobal
