
Microsoft Visual Studio Solution File, Format Version 12.00
# Visual Studio 14
VisualStudioVersion = 14.0.25420.1
MinimumVisualStudioVersion = 10.0.40219.1
Project("{5F73FA07-71AD-B6B1-B7EB-2EFC81A953A5}") = "CWE15_External_Control_of_System_or_Configuration_Setting", "CWE15_External_Control_of_System_or_Configuration_Setting.csproj", "{1B4F5B50-A7BB-207F-033D-3C53E138FA80}"
EndProject
Project("{5F73FA07-71AD-B6B1-B7EB-2EFC81A953A5}") = "TestCaseSupport", "..\..\TestCaseSupport\TestCaseSupport\TestCaseSupport.csproj", "{4CDBAE35-8CD1-4A0F-8912-B79D0BB43B83}"
EndProject
Global
	GlobalSection(SolutionConfigurationPlatforms) = preSolution
		Debug|Any CPU = Debug|Any CPU
		Release|Any CPU = Release|Any CPU
	EndGlobalSection
	GlobalSection(ProjectConfigurationPlatforms) = postSolution
		{1B4F5B50-A7BB-207F-033D-3C53E138FA80}.Debug|Any CPU.ActiveCfg = Debug|Any CPU
		{1B4F5B50-A7BB-207F-033D-3C53E138FA80}.Debug|Any CPU.Build.0 = Debug|Any CPU
		{1B4F5B50-A7BB-207F-033D-3C53E138FA80}.Release|Any CPU.ActiveCfg = Release|Any CPU
		{1B4F5B50-A7BB-207F-033D-3C53E138FA80}.Release|Any CPU.Build.0 = Release|Any CPU
		{4CDBAE35-8CD1-4A0F-8912-B79D0BB43B83}.Debug|Any CPU.ActiveCfg = Debug|Any CPU
		{4CDBAE35-8CD1-4A0F-8912-B79D0BB43B83}.Debug|Any CPU.Build.0 = Debug|Any CPU
		{4CDBAE35-8CD1-4A0F-8912-B79D0BB43B83}.Release|Any CPU.ActiveCfg = Release|Any CPU
		{4CDBAE35-8CD1-4A0F-8912-B79D0BB43B83}.Release|Any CPU.Build.0 = Release|Any CPU
	EndGlobalSection
	GlobalSection(SolutionProperties) = preSolution
		HideSolutionNode = FALSE
	EndGlobalSection
EndGlobal
