
Microsoft Visual Studio Solution File, Format Version 12.00
# Visual Studio 14
VisualStudioVersion = 14.0.25420.1
MinimumVisualStudioVersion = 10.0.40219.1
Project("{6C956196-B95D-6F18-5753-C1438A5F81F0}") = "CWE256_Unprotected_Storage_of_Credentials", "CWE256_Unprotected_Storage_of_Credentials.csproj", "{17EFB252-5C05-DFAA-A8C1-9FD3783C154B}"
EndProject
Project("{6C956196-B95D-6F18-5753-C1438A5F81F0}") = "TestCaseSupport", "..\..\TestCaseSupport\TestCaseSupport\TestCaseSupport.csproj", "{4CDBAE35-8CD1-4A0F-8912-B79D0BB43B83}"
EndProject
Global
	GlobalSection(SolutionConfigurationPlatforms) = preSolution
		Debug|Any CPU = Debug|Any CPU
		Release|Any CPU = Release|Any CPU
	EndGlobalSection
	GlobalSection(ProjectConfigurationPlatforms) = postSolution
		{17EFB252-5C05-DFAA-A8C1-9FD3783C154B}.Debug|Any CPU.ActiveCfg = Debug|Any CPU
		{17EFB252-5C05-DFAA-A8C1-9FD3783C154B}.Debug|Any CPU.Build.0 = Debug|Any CPU
		{17EFB252-5C05-DFAA-A8C1-9FD3783C154B}.Release|Any CPU.ActiveCfg = Release|Any CPU
		{17EFB252-5C05-DFAA-A8C1-9FD3783C154B}.Release|Any CPU.Build.0 = Release|Any CPU
		{4CDBAE35-8CD1-4A0F-8912-B79D0BB43B83}.Debug|Any CPU.ActiveCfg = Debug|Any CPU
		{4CDBAE35-8CD1-4A0F-8912-B79D0BB43B83}.Debug|Any CPU.Build.0 = Debug|Any CPU
		{4CDBAE35-8CD1-4A0F-8912-B79D0BB43B83}.Release|Any CPU.ActiveCfg = Release|Any CPU
		{4CDBAE35-8CD1-4A0F-8912-B79D0BB43B83}.Release|Any CPU.Build.0 = Release|Any CPU
	EndGlobalSection
	GlobalSection(SolutionProperties) = preSolution
		HideSolutionNode = FALSE
	EndGlobalSection
EndGlobal
