
Microsoft Visual Studio Solution File, Format Version 12.00
# Visual Studio 14
VisualStudioVersion = 14.0.25420.1
MinimumVisualStudioVersion = 10.0.40219.1
Project("{FBE4EAAC-FC37-A9D9-DF1A-FCCAE2D8E882}") = "CWE336_Same_Seed_in_PRNG", "CWE336_Same_Seed_in_PRNG.csproj", "{1F76D0F2-7815-3FE5-26BF-03ACFA99157A}"
EndProject
Project("{FBE4EAAC-FC37-A9D9-DF1A-FCCAE2D8E882}") = "TestCaseSupport", "..\..\TestCaseSupport\TestCaseSupport\TestCaseSupport.csproj", "{4CDBAE35-8CD1-4A0F-8912-B79D0BB43B83}"
EndProject
Global
	GlobalSection(SolutionConfigurationPlatforms) = preSolution
		Debug|Any CPU = Debug|Any CPU
		Release|Any CPU = Release|Any CPU
	EndGlobalSection
	GlobalSection(ProjectConfigurationPlatforms) = postSolution
		{1F76D0F2-7815-3FE5-26BF-03ACFA99157A}.Debug|Any CPU.ActiveCfg = Debug|Any CPU
		{1F76D0F2-7815-3FE5-26BF-03ACFA99157A}.Debug|Any CPU.Build.0 = Debug|Any CPU
		{1F76D0F2-7815-3FE5-26BF-03ACFA99157A}.Release|Any CPU.ActiveCfg = Release|Any CPU
		{1F76D0F2-7815-3FE5-26BF-03ACFA99157A}.Release|Any CPU.Build.0 = Release|Any CPU
		{4CDBAE35-8CD1-4A0F-8912-B79D0BB43B83}.Debug|Any CPU.ActiveCfg = Debug|Any CPU
		{4CDBAE35-8CD1-4A0F-8912-B79D0BB43B83}.Debug|Any CPU.Build.0 = Debug|Any CPU
		{4CDBAE35-8CD1-4A0F-8912-B79D0BB43B83}.Release|Any CPU.ActiveCfg = Release|Any CPU
		{4CDBAE35-8CD1-4A0F-8912-B79D0BB43B83}.Release|Any CPU.Build.0 = Release|Any CPU
	EndGlobalSection
	GlobalSection(SolutionProperties) = preSolution
		HideSolutionNode = FALSE
	EndGlobalSection
EndGlobal
