
Microsoft Visual Studio Solution File, Format Version 12.00
# Visual Studio 14
VisualStudioVersion = 14.0.25420.1
MinimumVisualStudioVersion = 10.0.40219.1
Project("{24B49C42-C8F9-F7A9-0D65-4D151FF01FB8}") = "CWE313_Cleartext_Storage_in_a_File_or_on_Disk", "CWE313_Cleartext_Storage_in_a_File_or_on_Disk.csproj", "{625B7DB2-9F49-9787-E7FA-403377D1E6F0}"
EndProject
Project("{24B49C42-C8F9-F7A9-0D65-4D151FF01FB8}") = "TestCaseSupport", "..\..\TestCaseSupport\TestCaseSupport\TestCaseSupport.csproj", "{4CDBAE35-8CD1-4A0F-8912-B79D0BB43B83}"
EndProject
Global
	GlobalSection(SolutionConfigurationPlatforms) = preSolution
		Debug|Any CPU = Debug|Any CPU
		Release|Any CPU = Release|Any CPU
	EndGlobalSection
	GlobalSection(ProjectConfigurationPlatforms) = postSolution
		{625B7DB2-9F49-9787-E7FA-403377D1E6F0}.Debug|Any CPU.ActiveCfg = Debug|Any CPU
		{625B7DB2-9F49-9787-E7FA-403377D1E6F0}.Debug|Any CPU.Build.0 = Debug|Any CPU
		{625B7DB2-9F49-9787-E7FA-403377D1E6F0}.Release|Any CPU.ActiveCfg = Release|Any CPU
		{625B7DB2-9F49-9787-E7FA-403377D1E6F0}.Release|Any CPU.Build.0 = Release|Any CPU
		{4CDBAE35-8CD1-4A0F-8912-B79D0BB43B83}.Debug|Any CPU.ActiveCfg = Debug|Any CPU
		{4CDBAE35-8CD1-4A0F-8912-B79D0BB43B83}.Debug|Any CPU.Build.0 = Debug|Any CPU
		{4CDBAE35-8CD1-4A0F-8912-B79D0BB43B83}.Release|Any CPU.ActiveCfg = Release|Any CPU
		{4CDBAE35-8CD1-4A0F-8912-B79D0BB43B83}.Release|Any CPU.Build.0 = Release|Any CPU
	EndGlobalSection
	GlobalSection(SolutionProperties) = preSolution
		HideSolutionNode = FALSE
	EndGlobalSection
EndGlobal
