
Microsoft Visual Studio Solution File, Format Version 12.00
# Visual Studio 14
VisualStudioVersion = 14.0.25420.1
MinimumVisualStudioVersion = 10.0.40219.1
Project("{DEFC8E98-37ED-34EA-7968-8F568CC7D421}") = "CWE772_Missing_Release_of_Resource", "CWE772_Missing_Release_of_Resource.csproj", "{3C49DFD3-3E7F-7082-862C-D6973198CB8E}"
EndProject
Project("{DEFC8E98-37ED-34EA-7968-8F568CC7D421}") = "TestCaseSupport", "..\..\TestCaseSupport\TestCaseSupport\TestCaseSupport.csproj", "{4CDBAE35-8CD1-4A0F-8912-B79D0BB43B83}"
EndProject
Global
	GlobalSection(SolutionConfigurationPlatforms) = preSolution
		Debug|Any CPU = Debug|Any CPU
		Release|Any CPU = Release|Any CPU
	EndGlobalSection
	GlobalSection(ProjectConfigurationPlatforms) = postSolution
		{3C49DFD3-3E7F-7082-862C-D6973198CB8E}.Debug|Any CPU.ActiveCfg = Debug|Any CPU
		{3C49DFD3-3E7F-7082-862C-D6973198CB8E}.Debug|Any CPU.Build.0 = Debug|Any CPU
		{3C49DFD3-3E7F-7082-862C-D6973198CB8E}.Release|Any CPU.ActiveCfg = Release|Any CPU
		{3C49DFD3-3E7F-7082-862C-D6973198CB8E}.Release|Any CPU.Build.0 = Release|Any CPU
		{4CDBAE35-8CD1-4A0F-8912-B79D0BB43B83}.Debug|Any CPU.ActiveCfg = Debug|Any CPU
		{4CDBAE35-8CD1-4A0F-8912-B79D0BB43B83}.Debug|Any CPU.Build.0 = Debug|Any CPU
		{4CDBAE35-8CD1-4A0F-8912-B79D0BB43B83}.Release|Any CPU.ActiveCfg = Release|Any CPU
		{4CDBAE35-8CD1-4A0F-8912-B79D0BB43B83}.Release|Any CPU.Build.0 = Release|Any CPU
	EndGlobalSection
	GlobalSection(SolutionProperties) = preSolution
		HideSolutionNode = FALSE
	EndGlobalSection
EndGlobal
