
Microsoft Visual Studio Solution File, Format Version 12.00
# Visual Studio 14
VisualStudioVersion = 14.0.25420.1
MinimumVisualStudioVersion = 10.0.40219.1
Project("{173B74F4-6F86-623C-DC37-9AC61D65E494}") = "CWE759_Unsalted_One_Way_Hash", "CWE759_Unsalted_One_Way_Hash.csproj", "{64DD1BA5-5BBD-2983-CFC4-D252854D0EDD}"
EndProject
Project("{173B74F4-6F86-623C-DC37-9AC61D65E494}") = "TestCaseSupport", "..\..\TestCaseSupport\TestCaseSupport\TestCaseSupport.csproj", "{4CDBAE35-8CD1-4A0F-8912-B79D0BB43B83}"
EndProject
Global
	GlobalSection(SolutionConfigurationPlatforms) = preSolution
		Debug|Any CPU = Debug|Any CPU
		Release|Any CPU = Release|Any CPU
	EndGlobalSection
	GlobalSection(ProjectConfigurationPlatforms) = postSolution
		{64DD1BA5-5BBD-2983-CFC4-D252854D0EDD}.Debug|Any CPU.ActiveCfg = Debug|Any CPU
		{64DD1BA5-5BBD-2983-CFC4-D252854D0EDD}.Debug|Any CPU.Build.0 = Debug|Any CPU
		{64DD1BA5-5BBD-2983-CFC4-D252854D0EDD}.Release|Any CPU.ActiveCfg = Release|Any CPU
		{64DD1BA5-5BBD-2983-CFC4-D252854D0EDD}.Release|Any CPU.Build.0 = Release|Any CPU
		{4CDBAE35-8CD1-4A0F-8912-B79D0BB43B83}.Debug|Any CPU.ActiveCfg = Debug|Any CPU
		{4CDBAE35-8CD1-4A0F-8912-B79D0BB43B83}.Debug|Any CPU.Build.0 = Debug|Any CPU
		{4CDBAE35-8CD1-4A0F-8912-B79D0BB43B83}.Release|Any CPU.ActiveCfg = Release|Any CPU
		{4CDBAE35-8CD1-4A0F-8912-B79D0BB43B83}.Release|Any CPU.Build.0 = Release|Any CPU
	EndGlobalSection
	GlobalSection(SolutionProperties) = preSolution
		HideSolutionNode = FALSE
	EndGlobalSection
EndGlobal
