
Microsoft Visual Studio Solution File, Format Version 12.00
# Visual Studio 14
VisualStudioVersion = 14.0.25420.1
MinimumVisualStudioVersion = 10.0.40219.1
Project("{B1837B59-572B-34C9-ECF2-5841D027D538}") = "CWE325_Missing_Required_Cryptographic_Step", "CWE325_Missing_Required_Cryptographic_Step.csproj", "{B86AA33C-F046-0013-7F3F-6B85C0CB117B}"
EndProject
Project("{B1837B59-572B-34C9-ECF2-5841D027D538}") = "TestCaseSupport", "..\..\TestCaseSupport\TestCaseSupport\TestCaseSupport.csproj", "{4CDBAE35-8CD1-4A0F-8912-B79D0BB43B83}"
EndProject
Global
	GlobalSection(SolutionConfigurationPlatforms) = preSolution
		Debug|Any CPU = Debug|Any CPU
		Release|Any CPU = Release|Any CPU
	EndGlobalSection
	GlobalSection(ProjectConfigurationPlatforms) = postSolution
		{B86AA33C-F046-0013-7F3F-6B85C0CB117B}.Debug|Any CPU.ActiveCfg = Debug|Any CPU
		{B86AA33C-F046-0013-7F3F-6B85C0CB117B}.Debug|Any CPU.Build.0 = Debug|Any CPU
		{B86AA33C-F046-0013-7F3F-6B85C0CB117B}.Release|Any CPU.ActiveCfg = Release|Any CPU
		{B86AA33C-F046-0013-7F3F-6B85C0CB117B}.Release|Any CPU.Build.0 = Release|Any CPU
		{4CDBAE35-8CD1-4A0F-8912-B79D0BB43B83}.Debug|Any CPU.ActiveCfg = Debug|Any CPU
		{4CDBAE35-8CD1-4A0F-8912-B79D0BB43B83}.Debug|Any CPU.Build.0 = Debug|Any CPU
		{4CDBAE35-8CD1-4A0F-8912-B79D0BB43B83}.Release|Any CPU.ActiveCfg = Release|Any CPU
		{4CDBAE35-8CD1-4A0F-8912-B79D0BB43B83}.Release|Any CPU.Build.0 = Release|Any CPU
	EndGlobalSection
	GlobalSection(SolutionProperties) = preSolution
		HideSolutionNode = FALSE
	EndGlobalSection
EndGlobal
