
Microsoft Visual Studio Solution File, Format Version 12.00
# Visual Studio 14
VisualStudioVersion = 14.0.25420.1
MinimumVisualStudioVersion = 10.0.40219.1
Project("{04A82A15-E33E-6A6C-161B-04204CCA3674}") = "CWE833_Deadlock", "CWE833_Deadlock.csproj", "{EC86F7F7-70C3-D556-A0C7-BEAF05F1B18A}"
EndProject
Project("{04A82A15-E33E-6A6C-161B-04204CCA3674}") = "TestCaseSupport", "..\..\TestCaseSupport\TestCaseSupport\TestCaseSupport.csproj", "{4CDBAE35-8CD1-4A0F-8912-B79D0BB43B83}"
EndProject
Global
	GlobalSection(SolutionConfigurationPlatforms) = preSolution
		Debug|Any CPU = Debug|Any CPU
		Release|Any CPU = Release|Any CPU
	EndGlobalSection
	GlobalSection(ProjectConfigurationPlatforms) = postSolution
		{EC86F7F7-70C3-D556-A0C7-BEAF05F1B18A}.Debug|Any CPU.ActiveCfg = Debug|Any CPU
		{EC86F7F7-70C3-D556-A0C7-BEAF05F1B18A}.Debug|Any CPU.Build.0 = Debug|Any CPU
		{EC86F7F7-70C3-D556-A0C7-BEAF05F1B18A}.Release|Any CPU.ActiveCfg = Release|Any CPU
		{EC86F7F7-70C3-D556-A0C7-BEAF05F1B18A}.Release|Any CPU.Build.0 = Release|Any CPU
		{4CDBAE35-8CD1-4A0F-8912-B79D0BB43B83}.Debug|Any CPU.ActiveCfg = Debug|Any CPU
		{4CDBAE35-8CD1-4A0F-8912-B79D0BB43B83}.Debug|Any CPU.Build.0 = Debug|Any CPU
		{4CDBAE35-8CD1-4A0F-8912-B79D0BB43B83}.Release|Any CPU.ActiveCfg = Release|Any CPU
		{4CDBAE35-8CD1-4A0F-8912-B79D0BB43B83}.Release|Any CPU.Build.0 = Release|Any CPU
	EndGlobalSection
	GlobalSection(SolutionProperties) = preSolution
		HideSolutionNode = FALSE
	EndGlobalSection
EndGlobal
