
Microsoft Visual Studio Solution File, Format Version 12.00
# Visual Studio 14
VisualStudioVersion = 14.0.25420.1
MinimumVisualStudioVersion = 10.0.40219.1
Project("{F0ED1B00-7C85-8355-8B42-1A427A2B3FD6}") = "CWE396_Catch_Generic_Exception", "CWE396_Catch_Generic_Exception.csproj", "{28DA57D2-59A7-E323-09C0-AA6D00A70BBC}"
EndProject
Project("{F0ED1B00-7C85-8355-8B42-1A427A2B3FD6}") = "TestCaseSupport", "..\..\TestCaseSupport\TestCaseSupport\TestCaseSupport.csproj", "{4CDBAE35-8CD1-4A0F-8912-B79D0BB43B83}"
EndProject
Global
	GlobalSection(SolutionConfigurationPlatforms) = preSolution
		Debug|Any CPU = Debug|Any CPU
		Release|Any CPU = Release|Any CPU
	EndGlobalSection
	GlobalSection(ProjectConfigurationPlatforms) = postSolution
		{28DA57D2-59A7-E323-09C0-AA6D00A70BBC}.Debug|Any CPU.ActiveCfg = Debug|Any CPU
		{28DA57D2-59A7-E323-09C0-AA6D00A70BBC}.Debug|Any CPU.Build.0 = Debug|Any CPU
		{28DA57D2-59A7-E323-09C0-AA6D00A70BBC}.Release|Any CPU.ActiveCfg = Release|Any CPU
		{28DA57D2-59A7-E323-09C0-AA6D00A70BBC}.Release|Any CPU.Build.0 = Release|Any CPU
		{4CDBAE35-8CD1-4A0F-8912-B79D0BB43B83}.Debug|Any CPU.ActiveCfg = Debug|Any CPU
		{4CDBAE35-8CD1-4A0F-8912-B79D0BB43B83}.Debug|Any CPU.Build.0 = Debug|Any CPU
		{4CDBAE35-8CD1-4A0F-8912-B79D0BB43B83}.Release|Any CPU.ActiveCfg = Release|Any CPU
		{4CDBAE35-8CD1-4A0F-8912-B79D0BB43B83}.Release|Any CPU.Build.0 = Release|Any CPU
	EndGlobalSection
	GlobalSection(SolutionProperties) = preSolution
		HideSolutionNode = FALSE
	EndGlobalSection
EndGlobal
