
Microsoft Visual Studio Solution File, Format Version 12.00
# Visual Studio 14
VisualStudioVersion = 14.0.25420.1
MinimumVisualStudioVersion = 10.0.40219.1
Project("{66003821-0D4C-95AC-E3E4-567E3E425F10}") = "CWE426_Untrusted_Search_Path", "CWE426_Untrusted_Search_Path.csproj", "{56A94F9E-F738-E065-DBF7-1CE99D004DEB}"
EndProject
Project("{66003821-0D4C-95AC-E3E4-567E3E425F10}") = "TestCaseSupport", "..\..\TestCaseSupport\TestCaseSupport\TestCaseSupport.csproj", "{4CDBAE35-8CD1-4A0F-8912-B79D0BB43B83}"
EndProject
Global
	GlobalSection(SolutionConfigurationPlatforms) = preSolution
		Debug|Any CPU = Debug|Any CPU
		Release|Any CPU = Release|Any CPU
	EndGlobalSection
	GlobalSection(ProjectConfigurationPlatforms) = postSolution
		{56A94F9E-F738-E065-DBF7-1CE99D004DEB}.Debug|Any CPU.ActiveCfg = Debug|Any CPU
		{56A94F9E-F738-E065-DBF7-1CE99D004DEB}.Debug|Any CPU.Build.0 = Debug|Any CPU
		{56A94F9E-F738-E065-DBF7-1CE99D004DEB}.Release|Any CPU.ActiveCfg = Release|Any CPU
		{56A94F9E-F738-E065-DBF7-1CE99D004DEB}.Release|Any CPU.Build.0 = Release|Any CPU
		{4CDBAE35-8CD1-4A0F-8912-B79D0BB43B83}.Debug|Any CPU.ActiveCfg = Debug|Any CPU
		{4CDBAE35-8CD1-4A0F-8912-B79D0BB43B83}.Debug|Any CPU.Build.0 = Debug|Any CPU
		{4CDBAE35-8CD1-4A0F-8912-B79D0BB43B83}.Release|Any CPU.ActiveCfg = Release|Any CPU
		{4CDBAE35-8CD1-4A0F-8912-B79D0BB43B83}.Release|Any CPU.Build.0 = Release|Any CPU
	EndGlobalSection
	GlobalSection(SolutionProperties) = preSolution
		HideSolutionNode = FALSE
	EndGlobalSection
EndGlobal
