
Microsoft Visual Studio Solution File, Format Version 12.00
# Visual Studio 14
VisualStudioVersion = 14.0.25420.1
MinimumVisualStudioVersion = 10.0.40219.1
Project("{D49FE356-3FA5-EB00-0869-82E45354D49F}") = "CWE535_Info_Exposure_Shell_Error", "CWE535_Info_Exposure_Shell_Error.csproj", "{4018BF6B-A328-55D1-0421-031849572F6F}"
EndProject
Project("{D49FE356-3FA5-EB00-0869-82E45354D49F}") = "TestCaseSupport", "..\..\TestCaseSupport\TestCaseSupport\TestCaseSupport.csproj", "{4CDBAE35-8CD1-4A0F-8912-B79D0BB43B83}"
EndProject
Global
	GlobalSection(SolutionConfigurationPlatforms) = preSolution
		Debug|Any CPU = Debug|Any CPU
		Release|Any CPU = Release|Any CPU
	EndGlobalSection
	GlobalSection(ProjectConfigurationPlatforms) = postSolution
		{4018BF6B-A328-55D1-0421-031849572F6F}.Debug|Any CPU.ActiveCfg = Debug|Any CPU
		{4018BF6B-A328-55D1-0421-031849572F6F}.Debug|Any CPU.Build.0 = Debug|Any CPU
		{4018BF6B-A328-55D1-0421-031849572F6F}.Release|Any CPU.ActiveCfg = Release|Any CPU
		{4018BF6B-A328-55D1-0421-031849572F6F}.Release|Any CPU.Build.0 = Release|Any CPU
		{4CDBAE35-8CD1-4A0F-8912-B79D0BB43B83}.Debug|Any CPU.ActiveCfg = Debug|Any CPU
		{4CDBAE35-8CD1-4A0F-8912-B79D0BB43B83}.Debug|Any CPU.Build.0 = Debug|Any CPU
		{4CDBAE35-8CD1-4A0F-8912-B79D0BB43B83}.Release|Any CPU.ActiveCfg = Release|Any CPU
		{4CDBAE35-8CD1-4A0F-8912-B79D0BB43B83}.Release|Any CPU.Build.0 = Release|Any CPU
	EndGlobalSection
	GlobalSection(SolutionProperties) = preSolution
		HideSolutionNode = FALSE
	EndGlobalSection
EndGlobal
