
Microsoft Visual Studio Solution File, Format Version 12.00
# Visual Studio 14
VisualStudioVersion = 14.0.25420.1
MinimumVisualStudioVersion = 10.0.40219.1
Project("{333D5AE7-16C3-658C-DA10-7F5859D87452}") = "CWE197_Numeric_Truncation_Error_s08", "CWE197_Numeric_Truncation_Error_s08.csproj", "{8161435E-71FF-33E7-6F17-3A27AC47C3FF}"
EndProject
Project("{333D5AE7-16C3-658C-DA10-7F5859D87452}") = "TestCaseSupport", "..\..\..\TestCaseSupport\TestCaseSupport\TestCaseSupport.csproj", "{4CDBAE35-8CD1-4A0F-8912-B79D0BB43B83}"
EndProject
Global
	GlobalSection(SolutionConfigurationPlatforms) = preSolution
		Debug|Any CPU = Debug|Any CPU
		Release|Any CPU = Release|Any CPU
	EndGlobalSection
	GlobalSection(ProjectConfigurationPlatforms) = postSolution
		{8161435E-71FF-33E7-6F17-3A27AC47C3FF}.Debug|Any CPU.ActiveCfg = Debug|Any CPU
		{8161435E-71FF-33E7-6F17-3A27AC47C3FF}.Debug|Any CPU.Build.0 = Debug|Any CPU
		{8161435E-71FF-33E7-6F17-3A27AC47C3FF}.Release|Any CPU.ActiveCfg = Release|Any CPU
		{8161435E-71FF-33E7-6F17-3A27AC47C3FF}.Release|Any CPU.Build.0 = Release|Any CPU
		{4CDBAE35-8CD1-4A0F-8912-B79D0BB43B83}.Debug|Any CPU.ActiveCfg = Debug|Any CPU
		{4CDBAE35-8CD1-4A0F-8912-B79D0BB43B83}.Debug|Any CPU.Build.0 = Debug|Any CPU
		{4CDBAE35-8CD1-4A0F-8912-B79D0BB43B83}.Release|Any CPU.ActiveCfg = Release|Any CPU
		{4CDBAE35-8CD1-4A0F-8912-B79D0BB43B83}.Release|Any CPU.Build.0 = Release|Any CPU
	EndGlobalSection
	GlobalSection(SolutionProperties) = preSolution
		HideSolutionNode = FALSE
	EndGlobalSection
EndGlobal
