
Microsoft Visual Studio Solution File, Format Version 12.00
# Visual Studio 14
VisualStudioVersion = 14.0.25420.1
MinimumVisualStudioVersion = 10.0.40219.1
Project("{BEF61AF4-65A3-61F1-976E-172F0E78FB8B}") = "CWE398_Code_Quality", "CWE398_Code_Quality.csproj", "{184AFC9E-8381-2C80-2003-9CCA7CC98375}"
EndProject
Project("{BEF61AF4-65A3-61F1-976E-172F0E78FB8B}") = "TestCaseSupport", "..\..\TestCaseSupport\TestCaseSupport\TestCaseSupport.csproj", "{4CDBAE35-8CD1-4A0F-8912-B79D0BB43B83}"
EndProject
Global
	GlobalSection(SolutionConfigurationPlatforms) = preSolution
		Debug|Any CPU = Debug|Any CPU
		Release|Any CPU = Release|Any CPU
	EndGlobalSection
	GlobalSection(ProjectConfigurationPlatforms) = postSolution
		{184AFC9E-8381-2C80-2003-9CCA7CC98375}.Debug|Any CPU.ActiveCfg = Debug|Any CPU
		{184AFC9E-8381-2C80-2003-9CCA7CC98375}.Debug|Any CPU.Build.0 = Debug|Any CPU
		{184AFC9E-8381-2C80-2003-9CCA7CC98375}.Release|Any CPU.ActiveCfg = Release|Any CPU
		{184AFC9E-8381-2C80-2003-9CCA7CC98375}.Release|Any CPU.Build.0 = Release|Any CPU
		{4CDBAE35-8CD1-4A0F-8912-B79D0BB43B83}.Debug|Any CPU.ActiveCfg = Debug|Any CPU
		{4CDBAE35-8CD1-4A0F-8912-B79D0BB43B83}.Debug|Any CPU.Build.0 = Debug|Any CPU
		{4CDBAE35-8CD1-4A0F-8912-B79D0BB43B83}.Release|Any CPU.ActiveCfg = Release|Any CPU
		{4CDBAE35-8CD1-4A0F-8912-B79D0BB43B83}.Release|Any CPU.Build.0 = Release|Any CPU
	EndGlobalSection
	GlobalSection(SolutionProperties) = preSolution
		HideSolutionNode = FALSE
	EndGlobalSection
EndGlobal
