
Microsoft Visual Studio Solution File, Format Version 12.00
# Visual Studio 14
VisualStudioVersion = 14.0.25420.1
MinimumVisualStudioVersion = 10.0.40219.1
Project("{1F56186A-2B1A-AC2E-46D7-01D5229BCDD5}") = "CWE614_Sensitive_Cookie_Without_Secure", "CWE614_Sensitive_Cookie_Without_Secure.csproj", "{AC021765-6FA1-EFBB-D640-1B5475426920}"
EndProject
Project("{1F56186A-2B1A-AC2E-46D7-01D5229BCDD5}") = "TestCaseSupport", "..\..\TestCaseSupport\TestCaseSupport\TestCaseSupport.csproj", "{4CDBAE35-8CD1-4A0F-8912-B79D0BB43B83}"
EndProject
Global
	GlobalSection(SolutionConfigurationPlatforms) = preSolution
		Debug|Any CPU = Debug|Any CPU
		Release|Any CPU = Release|Any CPU
	EndGlobalSection
	GlobalSection(ProjectConfigurationPlatforms) = postSolution
		{AC021765-6FA1-EFBB-D640-1B5475426920}.Debug|Any CPU.ActiveCfg = Debug|Any CPU
		{AC021765-6FA1-EFBB-D640-1B5475426920}.Debug|Any CPU.Build.0 = Debug|Any CPU
		{AC021765-6FA1-EFBB-D640-1B5475426920}.Release|Any CPU.ActiveCfg = Release|Any CPU
		{AC021765-6FA1-EFBB-D640-1B5475426920}.Release|Any CPU.Build.0 = Release|Any CPU
		{4CDBAE35-8CD1-4A0F-8912-B79D0BB43B83}.Debug|Any CPU.ActiveCfg = Debug|Any CPU
		{4CDBAE35-8CD1-4A0F-8912-B79D0BB43B83}.Debug|Any CPU.Build.0 = Debug|Any CPU
		{4CDBAE35-8CD1-4A0F-8912-B79D0BB43B83}.Release|Any CPU.ActiveCfg = Release|Any CPU
		{4CDBAE35-8CD1-4A0F-8912-B79D0BB43B83}.Release|Any CPU.Build.0 = Release|Any CPU
	EndGlobalSection
	GlobalSection(SolutionProperties) = preSolution
		HideSolutionNode = FALSE
	EndGlobalSection
EndGlobal
