
Microsoft Visual Studio Solution File, Format Version 12.00
# Visual Studio 14
VisualStudioVersion = 14.0.25420.1
MinimumVisualStudioVersion = 10.0.40219.1
Project("{2D1AC0A7-9FCC-EB12-8963-E24CB9EC23D5}") = "CWE427_Uncontrolled_Search_Path_Element", "CWE427_Uncontrolled_Search_Path_Element.csproj", "{65049E3A-0063-E50F-8086-75B18EA61586}"
EndProject
Project("{2D1AC0A7-9FCC-EB12-8963-E24CB9EC23D5}") = "TestCaseSupport", "..\..\TestCaseSupport\TestCaseSupport\TestCaseSupport.csproj", "{4CDBAE35-8CD1-4A0F-8912-B79D0BB43B83}"
EndProject
Global
	GlobalSection(SolutionConfigurationPlatforms) = preSolution
		Debug|Any CPU = Debug|Any CPU
		Release|Any CPU = Release|Any CPU
	EndGlobalSection
	GlobalSection(ProjectConfigurationPlatforms) = postSolution
		{65049E3A-0063-E50F-8086-75B18EA61586}.Debug|Any CPU.ActiveCfg = Debug|Any CPU
		{65049E3A-0063-E50F-8086-75B18EA61586}.Debug|Any CPU.Build.0 = Debug|Any CPU
		{65049E3A-0063-E50F-8086-75B18EA61586}.Release|Any CPU.ActiveCfg = Release|Any CPU
		{65049E3A-0063-E50F-8086-75B18EA61586}.Release|Any CPU.Build.0 = Release|Any CPU
		{4CDBAE35-8CD1-4A0F-8912-B79D0BB43B83}.Debug|Any CPU.ActiveCfg = Debug|Any CPU
		{4CDBAE35-8CD1-4A0F-8912-B79D0BB43B83}.Debug|Any CPU.Build.0 = Debug|Any CPU
		{4CDBAE35-8CD1-4A0F-8912-B79D0BB43B83}.Release|Any CPU.ActiveCfg = Release|Any CPU
		{4CDBAE35-8CD1-4A0F-8912-B79D0BB43B83}.Release|Any CPU.Build.0 = Release|Any CPU
	EndGlobalSection
	GlobalSection(SolutionProperties) = preSolution
		HideSolutionNode = FALSE
	EndGlobalSection
EndGlobal
