
Microsoft Visual Studio Solution File, Format Version 12.00
# Visual Studio 14
VisualStudioVersion = 14.0.25420.1
MinimumVisualStudioVersion = 10.0.40219.1
Project("{CBB1AE54-4FDE-23A9-A28D-538DB3C7340A}") = "CWE789_Uncontrolled_Mem_Alloc_s01", "CWE789_Uncontrolled_Mem_Alloc_s01.csproj", "{AEAB0649-861E-E359-245D-BF098E96BCB0}"
EndProject
Project("{CBB1AE54-4FDE-23A9-A28D-538DB3C7340A}") = "TestCaseSupport", "..\..\..\TestCaseSupport\TestCaseSupport\TestCaseSupport.csproj", "{4CDBAE35-8CD1-4A0F-8912-B79D0BB43B83}"
EndProject
Global
	GlobalSection(SolutionConfigurationPlatforms) = preSolution
		Debug|Any CPU = Debug|Any CPU
		Release|Any CPU = Release|Any CPU
	EndGlobalSection
	GlobalSection(ProjectConfigurationPlatforms) = postSolution
		{AEAB0649-861E-E359-245D-BF098E96BCB0}.Debug|Any CPU.ActiveCfg = Debug|Any CPU
		{AEAB0649-861E-E359-245D-BF098E96BCB0}.Debug|Any CPU.Build.0 = Debug|Any CPU
		{AEAB0649-861E-E359-245D-BF098E96BCB0}.Release|Any CPU.ActiveCfg = Release|Any CPU
		{AEAB0649-861E-E359-245D-BF098E96BCB0}.Release|Any CPU.Build.0 = Release|Any CPU
		{4CDBAE35-8CD1-4A0F-8912-B79D0BB43B83}.Debug|Any CPU.ActiveCfg = Debug|Any CPU
		{4CDBAE35-8CD1-4A0F-8912-B79D0BB43B83}.Debug|Any CPU.Build.0 = Debug|Any CPU
		{4CDBAE35-8CD1-4A0F-8912-B79D0BB43B83}.Release|Any CPU.ActiveCfg = Release|Any CPU
		{4CDBAE35-8CD1-4A0F-8912-B79D0BB43B83}.Release|Any CPU.Build.0 = Release|Any CPU
	EndGlobalSection
	GlobalSection(SolutionProperties) = preSolution
		HideSolutionNode = FALSE
	EndGlobalSection
EndGlobal
