
Microsoft Visual Studio Solution File, Format Version 12.00
# Visual Studio 14
VisualStudioVersion = 14.0.25420.1
MinimumVisualStudioVersion = 10.0.40219.1
Project("{96AA24D2-9EA3-A817-7312-53D5A20695C9}") = "CWE253_Incorrect_Check_of_Function_Return_Value", "CWE253_Incorrect_Check_of_Function_Return_Value.csproj", "{D835C03A-1821-6709-A641-0FBF2A61DDE7}"
EndProject
Project("{96AA24D2-9EA3-A817-7312-53D5A20695C9}") = "TestCaseSupport", "..\..\TestCaseSupport\TestCaseSupport\TestCaseSupport.csproj", "{4CDBAE35-8CD1-4A0F-8912-B79D0BB43B83}"
EndProject
Global
	GlobalSection(SolutionConfigurationPlatforms) = preSolution
		Debug|Any CPU = Debug|Any CPU
		Release|Any CPU = Release|Any CPU
	EndGlobalSection
	GlobalSection(ProjectConfigurationPlatforms) = postSolution
		{D835C03A-1821-6709-A641-0FBF2A61DDE7}.Debug|Any CPU.ActiveCfg = Debug|Any CPU
		{D835C03A-1821-6709-A641-0FBF2A61DDE7}.Debug|Any CPU.Build.0 = Debug|Any CPU
		{D835C03A-1821-6709-A641-0FBF2A61DDE7}.Release|Any CPU.ActiveCfg = Release|Any CPU
		{D835C03A-1821-6709-A641-0FBF2A61DDE7}.Release|Any CPU.Build.0 = Release|Any CPU
		{4CDBAE35-8CD1-4A0F-8912-B79D0BB43B83}.Debug|Any CPU.ActiveCfg = Debug|Any CPU
		{4CDBAE35-8CD1-4A0F-8912-B79D0BB43B83}.Debug|Any CPU.Build.0 = Debug|Any CPU
		{4CDBAE35-8CD1-4A0F-8912-B79D0BB43B83}.Release|Any CPU.ActiveCfg = Release|Any CPU
		{4CDBAE35-8CD1-4A0F-8912-B79D0BB43B83}.Release|Any CPU.Build.0 = Release|Any CPU
	EndGlobalSection
	GlobalSection(SolutionProperties) = preSolution
		HideSolutionNode = FALSE
	EndGlobalSection
EndGlobal
