
Microsoft Visual Studio Solution File, Format Version 12.00
# Visual Studio 14
VisualStudioVersion = 14.0.25420.1
MinimumVisualStudioVersion = 10.0.40219.1
Project("{B221C562-59E1-5637-9BCC-968D332B1542}") = "CWE190_Integer_Overflow_s02", "CWE190_Integer_Overflow_s02.csproj", "{10C032E1-F9BB-4695-FA66-8321209AD043}"
EndProject
Project("{B221C562-59E1-5637-9BCC-968D332B1542}") = "TestCaseSupport", "..\..\..\TestCaseSupport\TestCaseSupport\TestCaseSupport.csproj", "{4CDBAE35-8CD1-4A0F-8912-B79D0BB43B83}"
EndProject
Global
	GlobalSection(SolutionConfigurationPlatforms) = preSolution
		Debug|Any CPU = Debug|Any CPU
		Release|Any CPU = Release|Any CPU
	EndGlobalSection
	GlobalSection(ProjectConfigurationPlatforms) = postSolution
		{10C032E1-F9BB-4695-FA66-8321209AD043}.Debug|Any CPU.ActiveCfg = Debug|Any CPU
		{10C032E1-F9BB-4695-FA66-8321209AD043}.Debug|Any CPU.Build.0 = Debug|Any CPU
		{10C032E1-F9BB-4695-FA66-8321209AD043}.Release|Any CPU.ActiveCfg = Release|Any CPU
		{10C032E1-F9BB-4695-FA66-8321209AD043}.Release|Any CPU.Build.0 = Release|Any CPU
		{4CDBAE35-8CD1-4A0F-8912-B79D0BB43B83}.Debug|Any CPU.ActiveCfg = Debug|Any CPU
		{4CDBAE35-8CD1-4A0F-8912-B79D0BB43B83}.Debug|Any CPU.Build.0 = Debug|Any CPU
		{4CDBAE35-8CD1-4A0F-8912-B79D0BB43B83}.Release|Any CPU.ActiveCfg = Release|Any CPU
		{4CDBAE35-8CD1-4A0F-8912-B79D0BB43B83}.Release|Any CPU.Build.0 = Release|Any CPU
	EndGlobalSection
	GlobalSection(SolutionProperties) = preSolution
		HideSolutionNode = FALSE
	EndGlobalSection
EndGlobal
