
Microsoft Visual Studio Solution File, Format Version 12.00
# Visual Studio 14
VisualStudioVersion = 14.0.25420.1
MinimumVisualStudioVersion = 10.0.40219.1
Project("{F6B3AF94-45DA-4D1B-C50A-BF3C005BA80B}") = "CWE605_Multiple_Binds_Same_Port", "CWE605_Multiple_Binds_Same_Port.csproj", "{52B4065E-D57C-B84E-BB84-11C10AA3F39A}"
EndProject
Project("{F6B3AF94-45DA-4D1B-C50A-BF3C005BA80B}") = "TestCaseSupport", "..\..\TestCaseSupport\TestCaseSupport\TestCaseSupport.csproj", "{4CDBAE35-8CD1-4A0F-8912-B79D0BB43B83}"
EndProject
Global
	GlobalSection(SolutionConfigurationPlatforms) = preSolution
		Debug|Any CPU = Debug|Any CPU
		Release|Any CPU = Release|Any CPU
	EndGlobalSection
	GlobalSection(ProjectConfigurationPlatforms) = postSolution
		{52B4065E-D57C-B84E-BB84-11C10AA3F39A}.Debug|Any CPU.ActiveCfg = Debug|Any CPU
		{52B4065E-D57C-B84E-BB84-11C10AA3F39A}.Debug|Any CPU.Build.0 = Debug|Any CPU
		{52B4065E-D57C-B84E-BB84-11C10AA3F39A}.Release|Any CPU.ActiveCfg = Release|Any CPU
		{52B4065E-D57C-B84E-BB84-11C10AA3F39A}.Release|Any CPU.Build.0 = Release|Any CPU
		{4CDBAE35-8CD1-4A0F-8912-B79D0BB43B83}.Debug|Any CPU.ActiveCfg = Debug|Any CPU
		{4CDBAE35-8CD1-4A0F-8912-B79D0BB43B83}.Debug|Any CPU.Build.0 = Debug|Any CPU
		{4CDBAE35-8CD1-4A0F-8912-B79D0BB43B83}.Release|Any CPU.ActiveCfg = Release|Any CPU
		{4CDBAE35-8CD1-4A0F-8912-B79D0BB43B83}.Release|Any CPU.Build.0 = Release|Any CPU
	EndGlobalSection
	GlobalSection(SolutionProperties) = preSolution
		HideSolutionNode = FALSE
	EndGlobalSection
EndGlobal
