
Microsoft Visual Studio Solution File, Format Version 12.00
# Visual Studio 14
VisualStudioVersion = 14.0.25420.1
MinimumVisualStudioVersion = 10.0.40219.1
Project("{1FC55AAE-5D21-DBCA-6272-60CEC0B73604}") = "CWE329_Not_Using_Random_IV_with_CBC_Mode", "CWE329_Not_Using_Random_IV_with_CBC_Mode.csproj", "{0EF45A20-9397-1AE3-4D2B-A8B46071320C}"
EndProject
Project("{1FC55AAE-5D21-DBCA-6272-60CEC0B73604}") = "TestCaseSupport", "..\..\TestCaseSupport\TestCaseSupport\TestCaseSupport.csproj", "{4CDBAE35-8CD1-4A0F-8912-B79D0BB43B83}"
EndProject
Global
	GlobalSection(SolutionConfigurationPlatforms) = preSolution
		Debug|Any CPU = Debug|Any CPU
		Release|Any CPU = Release|Any CPU
	EndGlobalSection
	GlobalSection(ProjectConfigurationPlatforms) = postSolution
		{0EF45A20-9397-1AE3-4D2B-A8B46071320C}.Debug|Any CPU.ActiveCfg = Debug|Any CPU
		{0EF45A20-9397-1AE3-4D2B-A8B46071320C}.Debug|Any CPU.Build.0 = Debug|Any CPU
		{0EF45A20-9397-1AE3-4D2B-A8B46071320C}.Release|Any CPU.ActiveCfg = Release|Any CPU
		{0EF45A20-9397-1AE3-4D2B-A8B46071320C}.Release|Any CPU.Build.0 = Release|Any CPU
		{4CDBAE35-8CD1-4A0F-8912-B79D0BB43B83}.Debug|Any CPU.ActiveCfg = Debug|Any CPU
		{4CDBAE35-8CD1-4A0F-8912-B79D0BB43B83}.Debug|Any CPU.Build.0 = Debug|Any CPU
		{4CDBAE35-8CD1-4A0F-8912-B79D0BB43B83}.Release|Any CPU.ActiveCfg = Release|Any CPU
		{4CDBAE35-8CD1-4A0F-8912-B79D0BB43B83}.Release|Any CPU.Build.0 = Release|Any CPU
	EndGlobalSection
	GlobalSection(SolutionProperties) = preSolution
		HideSolutionNode = FALSE
	EndGlobalSection
EndGlobal
