
Microsoft Visual Studio Solution File, Format Version 12.00
# Visual Studio 14
VisualStudioVersion = 14.0.25420.1
MinimumVisualStudioVersion = 10.0.40219.1
Project("{08677FFB-39CA-A312-ED42-ADE914FAE162}") = "CWE561_Dead_Code", "CWE561_Dead_Code.csproj", "{0C0DFA6D-6A9A-2269-92EB-4FC998E73B20}"
EndProject
Project("{08677FFB-39CA-A312-ED42-ADE914FAE162}") = "TestCaseSupport", "..\..\TestCaseSupport\TestCaseSupport\TestCaseSupport.csproj", "{4CDBAE35-8CD1-4A0F-8912-B79D0BB43B83}"
EndProject
Global
	GlobalSection(SolutionConfigurationPlatforms) = preSolution
		Debug|Any CPU = Debug|Any CPU
		Release|Any CPU = Release|Any CPU
	EndGlobalSection
	GlobalSection(ProjectConfigurationPlatforms) = postSolution
		{0C0DFA6D-6A9A-2269-92EB-4FC998E73B20}.Debug|Any CPU.ActiveCfg = Debug|Any CPU
		{0C0DFA6D-6A9A-2269-92EB-4FC998E73B20}.Debug|Any CPU.Build.0 = Debug|Any CPU
		{0C0DFA6D-6A9A-2269-92EB-4FC998E73B20}.Release|Any CPU.ActiveCfg = Release|Any CPU
		{0C0DFA6D-6A9A-2269-92EB-4FC998E73B20}.Release|Any CPU.Build.0 = Release|Any CPU
		{4CDBAE35-8CD1-4A0F-8912-B79D0BB43B83}.Debug|Any CPU.ActiveCfg = Debug|Any CPU
		{4CDBAE35-8CD1-4A0F-8912-B79D0BB43B83}.Debug|Any CPU.Build.0 = Debug|Any CPU
		{4CDBAE35-8CD1-4A0F-8912-B79D0BB43B83}.Release|Any CPU.ActiveCfg = Release|Any CPU
		{4CDBAE35-8CD1-4A0F-8912-B79D0BB43B83}.Release|Any CPU.Build.0 = Release|Any CPU
	EndGlobalSection
	GlobalSection(SolutionProperties) = preSolution
		HideSolutionNode = FALSE
	EndGlobalSection
EndGlobal
