
Microsoft Visual Studio Solution File, Format Version 12.00
# Visual Studio 14
VisualStudioVersion = 14.0.25420.1
MinimumVisualStudioVersion = 10.0.40219.1
Project("{8507341A-9695-9650-7C40-E641C93AD1CE}") = "CWE478_Missing_Default_Case_in_Switch", "CWE478_Missing_Default_Case_in_Switch.csproj", "{CC5634CF-E121-7FCE-E53E-7C848407F615}"
EndProject
Project("{8507341A-9695-9650-7C40-E641C93AD1CE}") = "TestCaseSupport", "..\..\TestCaseSupport\TestCaseSupport\TestCaseSupport.csproj", "{4CDBAE35-8CD1-4A0F-8912-B79D0BB43B83}"
EndProject
Global
	GlobalSection(SolutionConfigurationPlatforms) = preSolution
		Debug|Any CPU = Debug|Any CPU
		Release|Any CPU = Release|Any CPU
	EndGlobalSection
	GlobalSection(ProjectConfigurationPlatforms) = postSolution
		{CC5634CF-E121-7FCE-E53E-7C848407F615}.Debug|Any CPU.ActiveCfg = Debug|Any CPU
		{CC5634CF-E121-7FCE-E53E-7C848407F615}.Debug|Any CPU.Build.0 = Debug|Any CPU
		{CC5634CF-E121-7FCE-E53E-7C848407F615}.Release|Any CPU.ActiveCfg = Release|Any CPU
		{CC5634CF-E121-7FCE-E53E-7C848407F615}.Release|Any CPU.Build.0 = Release|Any CPU
		{4CDBAE35-8CD1-4A0F-8912-B79D0BB43B83}.Debug|Any CPU.ActiveCfg = Debug|Any CPU
		{4CDBAE35-8CD1-4A0F-8912-B79D0BB43B83}.Debug|Any CPU.Build.0 = Debug|Any CPU
		{4CDBAE35-8CD1-4A0F-8912-B79D0BB43B83}.Release|Any CPU.ActiveCfg = Release|Any CPU
		{4CDBAE35-8CD1-4A0F-8912-B79D0BB43B83}.Release|Any CPU.Build.0 = Release|Any CPU
	EndGlobalSection
	GlobalSection(SolutionProperties) = preSolution
		HideSolutionNode = FALSE
	EndGlobalSection
EndGlobal
