
Microsoft Visual Studio Solution File, Format Version 12.00
# Visual Studio 14
VisualStudioVersion = 14.0.25420.1
MinimumVisualStudioVersion = 10.0.40219.1
Project("{4156536D-D113-409F-1767-F966E7529222}") = "CWE369_Divide_by_Zero_s02", "CWE369_Divide_by_Zero_s02.csproj", "{1B0A2C7A-ED40-A460-A6B8-DD94DC6FC02D}"
EndProject
Project("{4156536D-D113-409F-1767-F966E7529222}") = "TestCaseSupport", "..\..\..\TestCaseSupport\TestCaseSupport\TestCaseSupport.csproj", "{4CDBAE35-8CD1-4A0F-8912-B79D0BB43B83}"
EndProject
Global
	GlobalSection(SolutionConfigurationPlatforms) = preSolution
		Debug|Any CPU = Debug|Any CPU
		Release|Any CPU = Release|Any CPU
	EndGlobalSection
	GlobalSection(ProjectConfigurationPlatforms) = postSolution
		{1B0A2C7A-ED40-A460-A6B8-DD94DC6FC02D}.Debug|Any CPU.ActiveCfg = Debug|Any CPU
		{1B0A2C7A-ED40-A460-A6B8-DD94DC6FC02D}.Debug|Any CPU.Build.0 = Debug|Any CPU
		{1B0A2C7A-ED40-A460-A6B8-DD94DC6FC02D}.Release|Any CPU.ActiveCfg = Release|Any CPU
		{1B0A2C7A-ED40-A460-A6B8-DD94DC6FC02D}.Release|Any CPU.Build.0 = Release|Any CPU
		{4CDBAE35-8CD1-4A0F-8912-B79D0BB43B83}.Debug|Any CPU.ActiveCfg = Debug|Any CPU
		{4CDBAE35-8CD1-4A0F-8912-B79D0BB43B83}.Debug|Any CPU.Build.0 = Debug|Any CPU
		{4CDBAE35-8CD1-4A0F-8912-B79D0BB43B83}.Release|Any CPU.ActiveCfg = Release|Any CPU
		{4CDBAE35-8CD1-4A0F-8912-B79D0BB43B83}.Release|Any CPU.Build.0 = Release|Any CPU
	EndGlobalSection
	GlobalSection(SolutionProperties) = preSolution
		HideSolutionNode = FALSE
	EndGlobalSection
EndGlobal
