
Microsoft Visual Studio Solution File, Format Version 12.00
# Visual Studio 14
VisualStudioVersion = 14.0.25420.1
MinimumVisualStudioVersion = 10.0.40219.1
Project("{2BE16CF9-0F48-9574-856A-647F3F9C75D1}") = "CWE571_Expression_Always_True", "CWE571_Expression_Always_True.csproj", "{C51B4BD2-5C25-174D-7A6B-0235F6DB6E17}"
EndProject
Project("{2BE16CF9-0F48-9574-856A-647F3F9C75D1}") = "TestCaseSupport", "..\..\TestCaseSupport\TestCaseSupport\TestCaseSupport.csproj", "{4CDBAE35-8CD1-4A0F-8912-B79D0BB43B83}"
EndProject
Global
	GlobalSection(SolutionConfigurationPlatforms) = preSolution
		Debug|Any CPU = Debug|Any CPU
		Release|Any CPU = Release|Any CPU
	EndGlobalSection
	GlobalSection(ProjectConfigurationPlatforms) = postSolution
		{C51B4BD2-5C25-174D-7A6B-0235F6DB6E17}.Debug|Any CPU.ActiveCfg = Debug|Any CPU
		{C51B4BD2-5C25-174D-7A6B-0235F6DB6E17}.Debug|Any CPU.Build.0 = Debug|Any CPU
		{C51B4BD2-5C25-174D-7A6B-0235F6DB6E17}.Release|Any CPU.ActiveCfg = Release|Any CPU
		{C51B4BD2-5C25-174D-7A6B-0235F6DB6E17}.Release|Any CPU.Build.0 = Release|Any CPU
		{4CDBAE35-8CD1-4A0F-8912-B79D0BB43B83}.Debug|Any CPU.ActiveCfg = Debug|Any CPU
		{4CDBAE35-8CD1-4A0F-8912-B79D0BB43B83}.Debug|Any CPU.Build.0 = Debug|Any CPU
		{4CDBAE35-8CD1-4A0F-8912-B79D0BB43B83}.Release|Any CPU.ActiveCfg = Release|Any CPU
		{4CDBAE35-8CD1-4A0F-8912-B79D0BB43B83}.Release|Any CPU.Build.0 = Release|Any CPU
	EndGlobalSection
	GlobalSection(SolutionProperties) = preSolution
		HideSolutionNode = FALSE
	EndGlobalSection
EndGlobal
