
Microsoft Visual Studio Solution File, Format Version 12.00
# Visual Studio 14
VisualStudioVersion = 14.0.25420.1
MinimumVisualStudioVersion = 10.0.40219.1
Project("{4D326A05-B4E3-D3AF-AD44-A51510E128B4}") = "CWE601_Open_Redirect", "CWE601_Open_Redirect.csproj", "{CA638738-7D4E-89F0-814C-A5082948F941}"
EndProject
Project("{4D326A05-B4E3-D3AF-AD44-A51510E128B4}") = "TestCaseSupport", "..\..\TestCaseSupport\TestCaseSupport\TestCaseSupport.csproj", "{4CDBAE35-8CD1-4A0F-8912-B79D0BB43B83}"
EndProject
Global
	GlobalSection(SolutionConfigurationPlatforms) = preSolution
		Debug|Any CPU = Debug|Any CPU
		Release|Any CPU = Release|Any CPU
	EndGlobalSection
	GlobalSection(ProjectConfigurationPlatforms) = postSolution
		{CA638738-7D4E-89F0-814C-A5082948F941}.Debug|Any CPU.ActiveCfg = Debug|Any CPU
		{CA638738-7D4E-89F0-814C-A5082948F941}.Debug|Any CPU.Build.0 = Debug|Any CPU
		{CA638738-7D4E-89F0-814C-A5082948F941}.Release|Any CPU.ActiveCfg = Release|Any CPU
		{CA638738-7D4E-89F0-814C-A5082948F941}.Release|Any CPU.Build.0 = Release|Any CPU
		{4CDBAE35-8CD1-4A0F-8912-B79D0BB43B83}.Debug|Any CPU.ActiveCfg = Debug|Any CPU
		{4CDBAE35-8CD1-4A0F-8912-B79D0BB43B83}.Debug|Any CPU.Build.0 = Debug|Any CPU
		{4CDBAE35-8CD1-4A0F-8912-B79D0BB43B83}.Release|Any CPU.ActiveCfg = Release|Any CPU
		{4CDBAE35-8CD1-4A0F-8912-B79D0BB43B83}.Release|Any CPU.Build.0 = Release|Any CPU
	EndGlobalSection
	GlobalSection(SolutionProperties) = preSolution
		HideSolutionNode = FALSE
	EndGlobalSection
EndGlobal
