
Microsoft Visual Studio Solution File, Format Version 12.00
# Visual Studio 14
VisualStudioVersion = 14.0.25420.1
MinimumVisualStudioVersion = 10.0.40219.1
Project("{43CBA249-7A29-A8D3-5FB1-464EF95C9EB6}") = "CWE506_Embedded_Malicious_Code", "CWE506_Embedded_Malicious_Code.csproj", "{C68A7E2D-4EC6-47ED-2C44-729E28F06469}"
EndProject
Project("{43CBA249-7A29-A8D3-5FB1-464EF95C9EB6}") = "TestCaseSupport", "..\..\TestCaseSupport\TestCaseSupport\TestCaseSupport.csproj", "{4CDBAE35-8CD1-4A0F-8912-B79D0BB43B83}"
EndProject
Global
	GlobalSection(SolutionConfigurationPlatforms) = preSolution
		Debug|Any CPU = Debug|Any CPU
		Release|Any CPU = Release|Any CPU
	EndGlobalSection
	GlobalSection(ProjectConfigurationPlatforms) = postSolution
		{C68A7E2D-4EC6-47ED-2C44-729E28F06469}.Debug|Any CPU.ActiveCfg = Debug|Any CPU
		{C68A7E2D-4EC6-47ED-2C44-729E28F06469}.Debug|Any CPU.Build.0 = Debug|Any CPU
		{C68A7E2D-4EC6-47ED-2C44-729E28F06469}.Release|Any CPU.ActiveCfg = Release|Any CPU
		{C68A7E2D-4EC6-47ED-2C44-729E28F06469}.Release|Any CPU.Build.0 = Release|Any CPU
		{4CDBAE35-8CD1-4A0F-8912-B79D0BB43B83}.Debug|Any CPU.ActiveCfg = Debug|Any CPU
		{4CDBAE35-8CD1-4A0F-8912-B79D0BB43B83}.Debug|Any CPU.Build.0 = Debug|Any CPU
		{4CDBAE35-8CD1-4A0F-8912-B79D0BB43B83}.Release|Any CPU.ActiveCfg = Release|Any CPU
		{4CDBAE35-8CD1-4A0F-8912-B79D0BB43B83}.Release|Any CPU.Build.0 = Release|Any CPU
	EndGlobalSection
	GlobalSection(SolutionProperties) = preSolution
		HideSolutionNode = FALSE
	EndGlobalSection
EndGlobal
